<?xml version="1.0" encoding="utf-8"?>
<Project ToolsVersion="4.0" xmlns="http://schemas.microsoft.com/developer/msbuild/2003">
  <ItemGroup>
    <FxCompile Include="Code\System\Shader\Object3d.PS.hlsl" />
    <FxCompile Include="Code\System\Shader\Object3d.VS.hlsl" />
    <FxCompile Include="Code\System\Shader\Object3dTexture.PS.hlsl" />
    <FxCompile Include="Code\System\Shader\Object3dTexture.VS.hlsl" />
    <FxCompile Include="Code\System\Shader\Particle.PS.hlsl" />
    <FxCompile Include="Code\System\Shader\Particle.VS.hlsl" />
    <FxCompile Include="Code\System\Shader\Sprite.PS.hlsl" />
    <FxCompile Include="Code\System\Shader\Sprite.VS.hlsl" />
    <FxCompile Include="resource\Shader\Object3d.PS.hlsl" />
    <FxCompile Include="resource\Shader\Object3d.VS.hlsl" />
    <FxCompile Include="resource\Shader\Object3dTexture.PS.hlsl" />
    <FxCompile Include="resource\Shader\Object3dTexture.VS.hlsl" />
    <FxCompile Include="resource\Shader\Particle.PS.hlsl" />
    <FxCompile Include="resource\Shader\Particle.VS.hlsl" />
    <FxCompile Include="resource\Shader\Sprite.PS.hlsl" />
    <FxCompile Include="resource\Shader\Sprite.VS.hlsl" />
  </ItemGroup>
  <ItemGroup>
    <ClCompile Include="Code\GameScene\GameObject\IGameObject.cpp" />
    <ClCompile Include="Code\GameScene\GameObject\ModelObject.cpp" />
    <ClCompile Include="Code\GameScene\GameObject\SphereObject.cpp" />
    <ClCompile Include="Code\GameScene\GameObject\SpriteObject.cpp" />
    <ClCompile Include="Code\GameScene\Particle\Emitter.cpp" />
    <ClCompile Include="Code\GameScene\Particle\Particle.cpp" />
    <ClCompile Include="Code\Lib\GlobalVariables\GlobalVariables.cpp" />
    <ClCompile Include="Code\Lib\MyFileSystem\MyFileSystem.cpp" />
    <ClCompile Include="Code\main.cpp" />
    <ClCompile Include="Code\Math\Matrix4x4.cpp" />
    <ClCompile Include="Code\System\DebugCamera\DebugCamera.cpp" />
    <ClCompile Include="Code\System\DeltaTime\DeltaTime.cpp" />
    <ClCompile Include="Code\System\DirectX12\Buffer\Light\PointLight.cpp" />
    <ClCompile Include="Code\System\DirectX12\Buffer\Material.cpp" />
    <ClCompile Include="Code\System\DirectX12\Buffer\ViewProjection.cpp" />
    <ClCompile Include="Code\System\DirectX12\Buffer\WorldTransform.cpp" />
    <ClCompile Include="Code\System\DirectX12\DXCommand\DXCommand.cpp" />
    <ClCompile Include="Code\System\DirectX12\DXDebug\DXDebug.cpp" />
    <ClCompile Include="Code\System\DirectX12\DXDevice\DXDevice.cpp" />
    <ClCompile Include="Code\System\DirectX12\DXFence\DXFence.cpp" />
    <ClCompile Include="Code\System\DirectX12\DXFunctionHelper\DXFunctionHelper.cpp" />
    <ClCompile Include="Code\System\DirectX12\DXHeap\DXHeap.cpp" />
    <ClCompile Include="Code\System\DirectX12\DXResource\Dsv\DXDsv.cpp" />
    <ClCompile Include="Code\System\DirectX12\DXResource\Rtv\DXRtvArray.cpp" />
    <ClCompile Include="Code\System\DirectX12\DXResource\Rtv\DXRtvArrayManager.cpp" />
    <ClCompile Include="Code\System\DirectX12\DXResource\Srv\DXSrvArray.cpp" />
    <ClCompile Include="Code\System\DirectX12\DXResource\Srv\DXSrvArrayManager.cpp" />
    <ClCompile Include="Code\System\DirectX12\DXSwapChain\DXSwapChain.cpp" />
    <ClCompile Include="Code\System\DirectX12\PipelineStateObj.cpp" />
    <ClCompile Include="Code\System\DirectX12\ResourceBarrierManager\ResourceBarrierManager.cpp" />
    <ClCompile Include="Code\System\DirectX12\ShaderCompiler.cpp" />
    <ClCompile Include="Code\System\DirectX12\ShaderManager\ShaderManager.cpp" />
    <ClCompile Include="Code\System\Input\Input.cpp" />
    <ClCompile Include="Code\System\Model\Model.cpp" />
    <ClCompile Include="Code\System\PrimitiveDrawer\PrimitiveDrawer.cpp" />
    <ClCompile Include="Code\System\Texture\RenderTexture.cpp" />
    <ClCompile Include="Code\System\Sprite\Sprite.cpp" />
    <ClCompile Include="Code\System\Texture\TextureManager.cpp" />
    <ClCompile Include="Code\GameScene\GameScene.cpp" />
    <ClCompile Include="Code\Lib\ImGuiManager\ImGuiManager.cpp" />
    <ClCompile Include="Code\System\Logger\Logger.cpp" />
    <ClCompile Include="Code\System\WinApp\WinApp.cpp" />
    <ClCompile Include="Code\System\System.cpp" />
    <ClCompile Include="externals\imgui\imgui.cpp" />
    <ClCompile Include="externals\imgui\imgui_demo.cpp" />
    <ClCompile Include="externals\imgui\imgui_draw.cpp" />
    <ClCompile Include="externals\imgui\imgui_impl_dx12.cpp" />
    <ClCompile Include="externals\imgui\imgui_impl_win32.cpp" />
    <ClCompile Include="externals\imgui\imgui_tables.cpp" />
    <ClCompile Include="externals\imgui\imgui_widgets.cpp" />
    <ClCompile Include="Code\System\DirectX12\Buffer\Light\DirectionalLight.cpp" />
    <ClCompile Include="Code\System\DirectX12\Buffer\Object3dMesh.cpp" />
    <ClCompile Include="Code\System\DirectX12\Buffer\Light\SpotLight.cpp" />
    <ClCompile Include="Code\System\Audio\Audio.cpp" />
  </ItemGroup>
  <ItemGroup>
    <ClInclude Include="Code\GameScene\GameObject\IGameObject.h" />
    <ClInclude Include="Code\GameScene\GameObject\ModelObject.h" />
    <ClInclude Include="Code\GameScene\GameObject\SphereObject.h" />
    <ClInclude Include="Code\GameScene\GameObject\SpriteObject.h" />
    <ClInclude Include="Code\GameScene\Particle\Emitter.h" />
    <ClInclude Include="Code\GameScene\Particle\Particle.h" />
    <ClInclude Include="Code\Lib\GlobalVariables\GlobalVariables.h" />
    <ClInclude Include="Code\Lib\MyFileSystem\MyFileSystem.h" />
    <ClInclude Include="Code\Math\Matrix4x4.h" />
    <ClInclude Include="Code\Math\Transform.h" />
    <ClInclude Include="Code\Math\Vector2.h" />
    <ClInclude Include="Code\Math\Vector4.h" />
    <ClInclude Include="Code\System\DebugCamera\DebugCamera.h" />
    <ClInclude Include="Code\System\DeltaTime\DeltaTime.h" />
    <ClInclude Include="Code\System\DirectX12\Buffer\Light\PointLight.h" />
    <ClInclude Include="Code\System\DirectX12\Buffer\Light\SpotLight.h" />
    <ClInclude Include="Code\System\DirectX12\Buffer\Material.h" />
    <ClInclude Include="Code\System\DirectX12\Buffer\ViewProjection.h" />
    <ClInclude Include="Code\System\DirectX12\Buffer\WorldTransform.h" />
    <ClInclude Include="Code\System\DirectX12\DXCommand\DXCommand.h" />
    <ClInclude Include="Code\System\DirectX12\DXDebug\DXDebug.h" />
    <ClInclude Include="Code\System\DirectX12\DXDevice\DXDevice.h" />
    <ClInclude Include="Code\System\DirectX12\DXFence\DXFence.h" />
    <ClInclude Include="Code\System\DirectX12\DXFunctionHelper\DXFunctionHelper.h" />
    <ClInclude Include="Code\System\DirectX12\DXHeap\DXHeap.h" />
    <ClInclude Include="Code\System\DirectX12\DXResource\Dsv\DXDsv.h" />
    <ClInclude Include="Code\System\DirectX12\DXResource\Rtv\DXRtvArray.h" />
    <ClInclude Include="Code\System\DirectX12\DXResource\Rtv\DXRtvArrayManager.h" />
    <ClInclude Include="Code\System\DirectX12\DXResource\Srv\DXSrvArray.h" />
    <ClInclude Include="Code\System\DirectX12\DXResource\Srv\DXSrvArrayManager.h" />
    <ClInclude Include="Code\System\DirectX12\DXSwapChain\DXSwapChain.h" />
    <ClInclude Include="Code\System\DirectX12\PipelineStateObj.h" />
    <ClInclude Include="Code\System\DirectX12\ResourceBarrierManager\ResourceBarrierManager.h" />
    <ClInclude Include="Code\System\DirectX12\ShaderCompiler.h" />
    <ClInclude Include="Code\System\DirectX12\ShaderManager\ShaderManager.h" />
    <ClInclude Include="Code\System\Input\Input.h" />
    <ClInclude Include="Code\System\Model\Model.h" />
    <ClInclude Include="Code\System\PrimitiveDrawer\PrimitiveDrawer.h" />
    <ClInclude Include="Code\System\Sprite\Sprite.h" />
    <ClInclude Include="Code\System\Texture\RenderTexture.h" />
    <ClInclude Include="Code\System\Texture\TextureManager.h" />
    <ClInclude Include="Code\GameScene\GameScene.h" />
    <ClInclude Include="Code\Lib\ImGuiManager\ImGuiManager.h" />
    <ClInclude Include="Code\System\Logger\Logger.h" />
    <ClInclude Include="Code\Math\Vector3.h" />
    <ClInclude Include="Code\System\WinApp\WinApp.h" />
    <ClInclude Include="Code\System\System.h" />
    <ClInclude Include="externals\imgui\imconfig.h" />
    <ClInclude Include="externals\imgui\imgui.h" />
    <ClInclude Include="externals\imgui\imgui_impl_dx12.h" />
    <ClInclude Include="externals\imgui\imgui_impl_win32.h" />
    <ClInclude Include="externals\imgui\imgui_internal.h" />
    <ClInclude Include="externals\imgui\imstb_rectpack.h" />
    <ClInclude Include="externals\imgui\imstb_textedit.h" />
    <ClInclude Include="externals\imgui\imstb_truetype.h" />
    <ClInclude Include="Code\System\DirectX12\Buffer\Light\DirectionalLight.h" />
    <ClInclude Include="Code\System\DirectX12\Buffer\Object3dMesh.h" />
    <ClInclude Include="Code\System\Audio\Audio.h" />
  </ItemGroup>
  <ItemGroup>
    <None Include="Code\System\Shader\Object3d.hlsli" />
    <None Include="Code\System\Shader\Object3dTexture.hlsli" />
    <None Include="Code\System\Shader\Particle.hlsli" />
    <None Include="Code\System\Shader\Sprite.hlsli" />
    <None Include="externals\DirectXTex\DirectXTex_Desktop_2022_Win10.vcxproj" />
    <None Include="resource\Shader\Object3d.hlsli" />
    <None Include="resource\Shader\Object3dTexture.hlsli" />
    <None Include="resource\Shader\Particle.hlsli" />
    <None Include="resource\Shader\Sprite.hlsli" />
  </ItemGroup>
</Project>